
Microsoft Visual Studio Solution File, Format Version 12.00
# Visual Studio Version 17
VisualStudioVersion = 17.2.32616.157
MinimumVisualStudioVersion = 10.0.40219.1
Project("{FAE04EC0-301F-11D3-BF4B-00C04F79EFBC}") = "List", "List\List.csproj", "{B15A9B00-CEEF-4B7A-90E6-E71B09AA2763}"
EndProject
Global
	GlobalSection(SolutionConfigurationPlatforms) = preSolution
		Debug|Any CPU = Debug|Any CPU
		Release|Any CPU = Release|Any CPU
	EndGlobalSection
	GlobalSection(ProjectConfigurationPlatforms) = postSolution
		{B15A9B00-CEEF-4B7A-90E6-E71B09AA2763}.Debug|Any CPU.ActiveCfg = Debug|Any CPU
		{B15A9B00-CEEF-4B7A-90E6-E71B09AA2763}.Debug|Any CPU.Build.0 = Debug|Any CPU
		{B15A9B00-CEEF-4B7A-90E6-E71B09AA2763}.Release|Any CPU.ActiveCfg = Release|Any CPU
		{B15A9B00-CEEF-4B7A-90E6-E71B09AA2763}.Release|Any CPU.Build.0 = Release|Any CPU
	EndGlobalSection
	GlobalSection(SolutionProperties) = preSolution
		HideSolutionNode = FALSE
	EndGlobalSection
	GlobalSection(ExtensibilityGlobals) = postSolution
		SolutionGuid = {79207FD1-4E54-4168-8E31-F2FA49121624}
	EndGlobalSection
EndGlobal
